{
  "name": "@ignaciolarranaga/graphql-resolvers-libraries",
  "version": "1.0.0",
  "lockfileVersion": 2,
  "requires": true,
  "packages": {
    "": {
      "name": "@ignaciolarranaga/graphql-resolvers-libraries",
      "version": "1.0.0",
      "dependencies": {
        "uuid": "^9.0.0"
      }
    },
    "../graphql-model": {
      "name": "@ignaciolarranaga/graphql-model",
      "version": "1.0.0",
      "extraneous": true,
      "dependencies": {
        "graphql": "^16.6.0"
      },
      "devDependencies": {
        "@graphql-codegen/cli": "2.14.1",
        "@graphql-codegen/typescript": "2.8.2",
        "@types/node": "^18.11.9",
        "typescript": "^4.9.3"
      }
    },
    "node_modules/uuid": {
      "version": "9.0.0",
      "license": "MIT",
      "bin": {
        "uuid": "dist/bin/uuid"
      }
    }
  },
  "dependencies": {
    "uuid": {
      "version": "9.0.0"
    }
  }
}
